[[package]]
name = "dehex"
version = "0.1.0"
dependencies = [
 "pretty-hex 0.1.0 (registry+https://github.com/rust-lang/crates.io-index)",
]

[[package]]
name = "pretty-hex"
version = "0.1.0"
source = "registry+https://github.com/rust-lang/crates.io-index"

[metadata]
"checksum pretty-hex 0.1.0 (registry+https://github.com/rust-lang/crates.io-index)" = "119929a2a3b731bb3d888f7a1b5dc3c1db28b6c134def5d99f7e16e2da16b8f7"
